// !$*UTF8*$!
{
	archiveVersion = 1;
	classes = {
	};
	objectVersion = 55;
	objects = {

/* Begin PBXBuildFile section */
		A90C956727B286CA006C19B2 /* Localizable.strings in Resources */ = {isa = PBXBuildFile; fileRef = A981864027953C210030CED1 /* Localizable.strings */; };
		A917CEFF279A7ECA0078C16A /* Realm in Frameworks */ = {isa = PBXBuildFile; productRef = A917CEFE279A7ECA0078C16A /* Realm */; };
		A917CF01279A7ECA0078C16A /* RealmSwift in Frameworks */ = {isa = PBXBuildFile; productRef = A917CF00279A7ECA0078C16A /* RealmSwift */; };
		A917CF04279A7F450078C16A /* Memo.swift in Sources */ = {isa = PBXBuildFile; fileRef = A917CF03279A7F450078C16A /* Memo.swift */; };
		A917CF06279D69B10078C16A /* AccessoryView.swift in Sources */ = {isa = PBXBuildFile; fileRef = A917CF05279D69B10078C16A /* AccessoryView.swift */; };
		A917CF08279D69DE0078C16A /* AccessoryView.xib in Resources */ = {isa = PBXBuildFile; fileRef = A917CF07279D69DE0078C16A /* AccessoryView.xib */; };
		A917CF0E279EE3C00078C16A /* Extension.swift in Sources */ = {isa = PBXBuildFile; fileRef = A917CF0D279EE3C00078C16A /* Extension.swift */; };
		A917CF1A27A1662E0078C16A /* Zip in Frameworks */ = {isa = PBXBuildFile; productRef = A917CF1927A1662E0078C16A /* Zip */; };
		A948028227B2B33700173770 /* Realm in Frameworks */ = {isa = PBXBuildFile; productRef = A948028127B2B33700173770 /* Realm */; };
		A948028427B2B33A00173770 /* RealmSwift in Frameworks */ = {isa = PBXBuildFile; productRef = A948028327B2B33A00173770 /* RealmSwift */; };
		A9640B5C27AC25BA00110083 /* WidgetKit.framework in Frameworks */ = {isa = PBXBuildFile; fileRef = A9640B5B27AC25BA00110083 /* WidgetKit.framework */; };
		A9640B5E27AC25BA00110083 /* SwiftUI.framework in Frameworks */ = {isa = PBXBuildFile; fileRef = A9640B5D27AC25BA00110083 /* SwiftUI.framework */; };
		A9640B6127AC25BA00110083 /* SimpleMemo_Widget.swift in Sources */ = {isa = PBXBuildFile; fileRef = A9640B6027AC25BA00110083 /* SimpleMemo_Widget.swift */; };
		A9640B6427AC25BB00110083 /* Assets.xcassets in Resources */ = {isa = PBXBuildFile; fileRef = A9640B6327AC25BB00110083 /* Assets.xcassets */; };
		A9640B6A27AC25BB00110083 /* SimpleMemo WidgetExtension.appex in Embed App Extensions */ = {isa = PBXBuildFile; fileRef = A9640B5927AC25BA00110083 /* SimpleMemo WidgetExtension.appex */; settings = {ATTRIBUTES = (RemoveHeadersOnCopy, ); }; };
		A96A7D9F27AAB5C700A6F0E6 /* GowunDodum-Regular.ttf in Resources */ = {isa = PBXBuildFile; fileRef = A96A7D9E27AAB5C700A6F0E6 /* GowunDodum-Regular.ttf */; };
		A9818628279538C70030CED1 /* AppDelegate.swift in Sources */ = {isa = PBXBuildFile; fileRef = A9818627279538C70030CED1 /* AppDelegate.swift */; };
		A981862A279538C70030CED1 /* SceneDelegate.swift in Sources */ = {isa = PBXBuildFile; fileRef = A9818629279538C70030CED1 /* SceneDelegate.swift */; };
		A981862C279538C70030CED1 /* MainViewController.swift in Sources */ = {isa = PBXBuildFile; fileRef = A981862B279538C70030CED1 /* MainViewController.swift */; };
		A981862F279538C70030CED1 /* Main.storyboard in Resources */ = {isa = PBXBuildFile; fileRef = A981862D279538C70030CED1 /* Main.storyboard */; };
		A9818631279538C80030CED1 /* Assets.xcassets in Resources */ = {isa = PBXBuildFile; fileRef = A9818630279538C80030CED1 /* Assets.xcassets */; };
		A9818634279538C80030CED1 /* LaunchScreen.storyboard in Resources */ = {isa = PBXBuildFile; fileRef = A9818632279538C80030CED1 /* LaunchScreen.storyboard */; };
		A981863E27953C210030CED1 /* Localizable.strings in Resources */ = {isa = PBXBuildFile; fileRef = A981864027953C210030CED1 /* Localizable.strings */; };
		A9818669279576520030CED1 /* MainTableViewCell.swift in Sources */ = {isa = PBXBuildFile; fileRef = A9818668279576520030CED1 /* MainTableViewCell.swift */; };
		A981866B2795B02D0030CED1 /* WriteViewController.swift in Sources */ = {isa = PBXBuildFile; fileRef = A981866A2795B02D0030CED1 /* WriteViewController.swift */; };
		A981866D2795B2390030CED1 /* SettingViewController.swift in Sources */ = {isa = PBXBuildFile; fileRef = A981866C2795B2390030CED1 /* SettingViewController.swift */; };
		A98CA85027ACE83000A1D8BE /* Memo.swift in Sources */ = {isa = PBXBuildFile; fileRef = A917CF03279A7F450078C16A /* Memo.swift */; };
		A98CA85227ACF69900A1D8BE /* RealmManager.swift in Sources */ = {isa = PBXBuildFile; fileRef = A98CA85127ACF69900A1D8BE /* RealmManager.swift */; };
		A98CA85327ACF69900A1D8BE /* RealmManager.swift in Sources */ = {isa = PBXBuildFile; fileRef = A98CA85127ACF69900A1D8BE /* RealmManager.swift */; };
		A98CA85427AD0CBF00A1D8BE /* Assets.xcassets in Resources */ = {isa = PBXBuildFile; fileRef = A9818630279538C80030CED1 /* Assets.xcassets */; };
		A98CA85527AD1EF800A1D8BE /* GowunDodum-Regular.ttf in Resources */ = {isa = PBXBuildFile; fileRef = A96A7D9E27AAB5C700A6F0E6 /* GowunDodum-Regular.ttf */; };
		A98CA85627AD1EFD00A1D8BE /* Constants.swift in Sources */ = {isa = PBXBuildFile; fileRef = A9D4EF7027998C99003C7231 /* Constants.swift */; };
		A9D4EF7127998C99003C7231 /* Constants.swift in Sources */ = {isa = PBXBuildFile; fileRef = A9D4EF7027998C99003C7231 /* Constants.swift */; };
/* End PBXBuildFile section */

/* Begin PBXContainerItemProxy section */
		A9640B6827AC25BB00110083 /* PBXContainerItemProxy */ = {
			isa = PBXContainerItemProxy;
			containerPortal = A981861C279538C70030CED1 /* Project object */;
			proxyType = 1;
			remoteGlobalIDString = A9640B5827AC25BA00110083;
			remoteInfo = "SimpleMemo WidgetExtension";
		};
/* End PBXContainerItemProxy section */

/* Begin PBXCopyFilesBuildPhase section */
		A9640B6B27AC25BB00110083 /* Embed App Extensions */ = {
			isa = PBXCopyFilesBuildPhase;
			buildActionMask = 2147483647;
			dstPath = "";
			dstSubfolderSpec = 13;
			files = (
				A9640B6A27AC25BB00110083 /* SimpleMemo WidgetExtension.appex in Embed App Extensions */,
			);
			name = "Embed App Extensions";
			runOnlyForDeploymentPostprocessing = 0;
		};
/* End PBXCopyFilesBuildPhase section */

/* Begin PBXFileReference section */
		A917CF03279A7F450078C16A /* Memo.swift */ = {isa = PBXFileReference; lastKnownFileType = sourcecode.swift; path = Memo.swift; sourceTree = "<group>"; };
		A917CF05279D69B10078C16A /* AccessoryView.swift */ = {isa = PBXFileReference; lastKnownFileType = sourcecode.swift; path = AccessoryView.swift; sourceTree = "<group>"; };
		A917CF07279D69DE0078C16A /* AccessoryView.xib */ = {isa = PBXFileReference; lastKnownFileType = file.xib; path = AccessoryView.xib; sourceTree = "<group>"; };
		A917CF0D279EE3C00078C16A /* Extension.swift */ = {isa = PBXFileReference; lastKnownFileType = sourcecode.swift; path = Extension.swift; sourceTree = "<group>"; };
		A9640B5927AC25BA00110083 /* SimpleMemo WidgetExtension.appex */ = {isa = PBXFileReference; explicitFileType = "wrapper.app-extension"; includeInIndex = 0; path = "SimpleMemo WidgetExtension.appex"; sourceTree = BUILT_PRODUCTS_DIR; };
		A9640B5B27AC25BA00110083 /* WidgetKit.framework */ = {isa = PBXFileReference; lastKnownFileType = wrapper.framework; name = WidgetKit.framework; path = System/Library/Frameworks/WidgetKit.framework; sourceTree = SDKROOT; };
		A9640B5D27AC25BA00110083 /* SwiftUI.framework */ = {isa = PBXFileReference; lastKnownFileType = wrapper.framework; name = SwiftUI.framework; path = System/Library/Frameworks/SwiftUI.framework; sourceTree = SDKROOT; };
		A9640B6027AC25BA00110083 /* SimpleMemo_Widget.swift */ = {isa = PBXFileReference; lastKnownFileType = sourcecode.swift; path = SimpleMemo_Widget.swift; sourceTree = "<group>"; };
		A9640B6327AC25BB00110083 /* Assets.xcassets */ = {isa = PBXFileReference; lastKnownFileType = folder.assetcatalog; path = Assets.xcassets; sourceTree = "<group>"; };
		A9640B6527AC25BB00110083 /* Info.plist */ = {isa = PBXFileReference; lastKnownFileType = text.plist.xml; path = Info.plist; sourceTree = "<group>"; };
		A9640B6F27AC28C200110083 /* SimpleMemo WidgetExtension.entitlements */ = {isa = PBXFileReference; lastKnownFileType = text.plist.entitlements; path = "SimpleMemo WidgetExtension.entitlements"; sourceTree = "<group>"; };
		A9640B7027ACC7DE00110083 /* SimpleMemo.entitlements */ = {isa = PBXFileReference; lastKnownFileType = text.plist.entitlements; path = SimpleMemo.entitlements; sourceTree = "<group>"; };
		A9640B7127ACCD5F00110083 /* SimpleMemo WidgetExtensionRelease.entitlements */ = {isa = PBXFileReference; lastKnownFileType = text.plist.entitlements; path = "SimpleMemo WidgetExtensionRelease.entitlements"; sourceTree = "<group>"; };
		A9640B7227ACCD8800110083 /* SimpleMemoRelease.entitlements */ = {isa = PBXFileReference; lastKnownFileType = text.plist.entitlements; path = SimpleMemoRelease.entitlements; sourceTree = "<group>"; };
		A96A7D9E27AAB5C700A6F0E6 /* GowunDodum-Regular.ttf */ = {isa = PBXFileReference; lastKnownFileType = file; path = "GowunDodum-Regular.ttf"; sourceTree = "<group>"; };
		A9818624279538C70030CED1 /* SimpleMemo.app */ = {isa = PBXFileReference; explicitFileType = wrapper.application; includeInIndex = 0; path = SimpleMemo.app; sourceTree = BUILT_PRODUCTS_DIR; };
		A9818627279538C70030CED1 /* AppDelegate.swift */ = {isa = PBXFileReference; lastKnownFileType = sourcecode.swift; path = AppDelegate.swift; sourceTree = "<group>"; };
		A9818629279538C70030CED1 /* SceneDelegate.swift */ = {isa = PBXFileReference; lastKnownFileType = sourcecode.swift; path = SceneDelegate.swift; sourceTree = "<group>"; };
		A981862B279538C70030CED1 /* MainViewController.swift */ = {isa = PBXFileReference; lastKnownFileType = sourcecode.swift; path = MainViewController.swift; sourceTree = "<group>"; };
		A981862E279538C70030CED1 /* Base */ = {isa = PBXFileReference; lastKnownFileType = file.storyboard; name = Base; path = Base.lproj/Main.storyboard; sourceTree = "<group>"; };
		A9818630279538C80030CED1 /* Assets.xcassets */ = {isa = PBXFileReference; lastKnownFileType = folder.assetcatalog; path = Assets.xcassets; sourceTree = "<group>"; };
		A9818633279538C80030CED1 /* Base */ = {isa = PBXFileReference; lastKnownFileType = file.storyboard; name = Base; path = Base.lproj/LaunchScreen.storyboard; sourceTree = "<group>"; };
		A981863F27953C210030CED1 /* en */ = {isa = PBXFileReference; lastKnownFileType = text.plist.strings; name = en; path = en.lproj/Localizable.strings; sourceTree = "<group>"; };
		A981864127953C5C0030CED1 /* ko */ = {isa = PBXFileReference; lastKnownFileType = text.plist.strings; name = ko; path = ko.lproj/Localizable.strings; sourceTree = "<group>"; };
		A9818668279576520030CED1 /* MainTableViewCell.swift */ = {isa = PBXFileReference; lastKnownFileType = sourcecode.swift; path = MainTableViewCell.swift; sourceTree = "<group>"; };
		A981866A2795B02D0030CED1 /* WriteViewController.swift */ = {isa = PBXFileReference; lastKnownFileType = sourcecode.swift; path = WriteViewController.swift; sourceTree = "<group>"; };
		A981866C2795B2390030CED1 /* SettingViewController.swift */ = {isa = PBXFileReference; lastKnownFileType = sourcecode.swift; path = SettingViewController.swift; sourceTree = "<group>"; };
		A98CA85127ACF69900A1D8BE /* RealmManager.swift */ = {isa = PBXFileReference; lastKnownFileType = sourcecode.swift; path = RealmManager.swift; sourceTree = "<group>"; };
		A9D2C75C27B36ACE00FF10DE /* Info.plist */ = {isa = PBXFileReference; fileEncoding = 4; lastKnownFileType = text.plist.xml; path = Info.plist; sourceTree = "<group>"; };
		A9D4EF7027998C99003C7231 /* Constants.swift */ = {isa = PBXFileReference; lastKnownFileType = sourcecode.swift; path = Constants.swift; sourceTree = "<group>"; };
/* End PBXFileReference section */

/* Begin PBXFrameworksBuildPhase section */
		A9640B5627AC25BA00110083 /* Frameworks */ = {
			isa = PBXFrameworksBuildPhase;
			buildActionMask = 2147483647;
			files = (
				A948028427B2B33A00173770 /* RealmSwift in Frameworks */,
				A948028227B2B33700173770 /* Realm in Frameworks */,
				A9640B5E27AC25BA00110083 /* SwiftUI.framework in Frameworks */,
				A9640B5C27AC25BA00110083 /* WidgetKit.framework in Frameworks */,
			);
			runOnlyForDeploymentPostprocessing = 0;
		};
		A9818621279538C70030CED1 /* Frameworks */ = {
			isa = PBXFrameworksBuildPhase;
			buildActionMask = 2147483647;
			files = (
				A917CF1A27A1662E0078C16A /* Zip in Frameworks */,
				A917CF01279A7ECA0078C16A /* RealmSwift in Frameworks */,
				A917CEFF279A7ECA0078C16A /* Realm in Frameworks */,
			);
			runOnlyForDeploymentPostprocessing = 0;
		};
/* End PBXFrameworksBuildPhase section */

/* Begin PBXGroup section */
		A90C956527AF6EC1006C19B2 /* Manager */ = {
			isa = PBXGroup;
			children = (
				A98CA85127ACF69900A1D8BE /* RealmManager.swift */,
			);
			path = Manager;
			sourceTree = "<group>";
		};
		A917CF02279A7F390078C16A /* Model */ = {
			isa = PBXGroup;
			children = (
				A917CF03279A7F450078C16A /* Memo.swift */,
			);
			path = Model;
			sourceTree = "<group>";
		};
		A9640B5A27AC25BA00110083 /* Frameworks */ = {
			isa = PBXGroup;
			children = (
				A9640B5B27AC25BA00110083 /* WidgetKit.framework */,
				A9640B5D27AC25BA00110083 /* SwiftUI.framework */,
			);
			name = Frameworks;
			sourceTree = "<group>";
		};
		A9640B5F27AC25BA00110083 /* SimpleMemo Widget */ = {
			isa = PBXGroup;
			children = (
				A9640B6027AC25BA00110083 /* SimpleMemo_Widget.swift */,
				A9640B6327AC25BB00110083 /* Assets.xcassets */,
				A9640B6527AC25BB00110083 /* Info.plist */,
			);
			path = "SimpleMemo Widget";
			sourceTree = "<group>";
		};
		A981861B279538C70030CED1 = {
			isa = PBXGroup;
			children = (
				A9640B7127ACCD5F00110083 /* SimpleMemo WidgetExtensionRelease.entitlements */,
				A9640B6F27AC28C200110083 /* SimpleMemo WidgetExtension.entitlements */,
				A9818626279538C70030CED1 /* SimpleMemo */,
				A9640B5F27AC25BA00110083 /* SimpleMemo Widget */,
				A9640B5A27AC25BA00110083 /* Frameworks */,
				A9818625279538C70030CED1 /* Products */,
			);
			sourceTree = "<group>";
		};
		A9818625279538C70030CED1 /* Products */ = {
			isa = PBXGroup;
			children = (
				A9818624279538C70030CED1 /* SimpleMemo.app */,
				A9640B5927AC25BA00110083 /* SimpleMemo WidgetExtension.appex */,
			);
			name = Products;
			sourceTree = "<group>";
		};
		A9818626279538C70030CED1 /* SimpleMemo */ = {
			isa = PBXGroup;
			children = (
				A9640B7227ACCD8800110083 /* SimpleMemoRelease.entitlements */,
				A9640B7027ACC7DE00110083 /* SimpleMemo.entitlements */,
				A9D2C75C27B36ACE00FF10DE /* Info.plist */,
				A90C956527AF6EC1006C19B2 /* Manager */,
				A917CF02279A7F390078C16A /* Model */,
				A98186652795660F0030CED1 /* Resource */,
				A981864427953E9B0030CED1 /* View */,
				A981864327953E930030CED1 /* Controller */,
				A981864227953E760030CED1 /* Other */,
				A981863B27953BDE0030CED1 /* Language */,
			);
			path = SimpleMemo;
			sourceTree = "<group>";
		};
		A981863B27953BDE0030CED1 /* Language */ = {
			isa = PBXGroup;
			children = (
				A981864027953C210030CED1 /* Localizable.strings */,
			);
			path = Language;
			sourceTree = "<group>";
		};
		A981864227953E760030CED1 /* Other */ = {
			isa = PBXGroup;
			children = (
				A9818627279538C70030CED1 /* AppDelegate.swift */,
				A9818629279538C70030CED1 /* SceneDelegate.swift */,
				A9818630279538C80030CED1 /* Assets.xcassets */,
				A9D4EF7027998C99003C7231 /* Constants.swift */,
				A917CF0D279EE3C00078C16A /* Extension.swift */,
			);
			path = Other;
			sourceTree = "<group>";
		};
		A981864327953E930030CED1 /* Controller */ = {
			isa = PBXGroup;
			children = (
				A981862B279538C70030CED1 /* MainViewController.swift */,
				A981866A2795B02D0030CED1 /* WriteViewController.swift */,
				A981866C2795B2390030CED1 /* SettingViewController.swift */,
			);
			path = Controller;
			sourceTree = "<group>";
		};
		A981864427953E9B0030CED1 /* View */ = {
			isa = PBXGroup;
			children = (
				A9818632279538C80030CED1 /* LaunchScreen.storyboard */,
				A981862D279538C70030CED1 /* Main.storyboard */,
				A9818668279576520030CED1 /* MainTableViewCell.swift */,
				A917CF05279D69B10078C16A /* AccessoryView.swift */,
				A917CF07279D69DE0078C16A /* AccessoryView.xib */,
			);
			path = View;
			sourceTree = "<group>";
		};
		A98186652795660F0030CED1 /* Resource */ = {
			isa = PBXGroup;
			children = (
				A96A7D9E27AAB5C700A6F0E6 /* GowunDodum-Regular.ttf */,
			);
			path = Resource;
			sourceTree = "<group>";
		};
/* End PBXGroup section */

/* Begin PBXNativeTarget section */
		A9640B5827AC25BA00110083 /* SimpleMemo WidgetExtension */ = {
			isa = PBXNativeTarget;
			buildConfigurationList = A9640B6E27AC25BB00110083 /* Build configuration list for PBXNativeTarget "SimpleMemo WidgetExtension" */;
			buildPhases = (
				A9640B5527AC25BA00110083 /* Sources */,
				A9640B5627AC25BA00110083 /* Frameworks */,
				A9640B5727AC25BA00110083 /* Resources */,
			);
			buildRules = (
			);
			dependencies = (
			);
			name = "SimpleMemo WidgetExtension";
			packageProductDependencies = (
				A948028127B2B33700173770 /* Realm */,
				A948028327B2B33A00173770 /* RealmSwift */,
			);
			productName = "SimpleMemo WidgetExtension";
			productReference = A9640B5927AC25BA00110083 /* SimpleMemo WidgetExtension.appex */;
			productType = "com.apple.product-type.app-extension";
		};
		A9818623279538C70030CED1 /* SimpleMemo */ = {
			isa = PBXNativeTarget;
			buildConfigurationList = A9818638279538C80030CED1 /* Build configuration list for PBXNativeTarget "SimpleMemo" */;
			buildPhases = (
				A9818620279538C70030CED1 /* Sources */,
				A9818621279538C70030CED1 /* Frameworks */,
				A9818622279538C70030CED1 /* Resources */,
				A9640B6B27AC25BB00110083 /* Embed App Extensions */,
			);
			buildRules = (
			);
			dependencies = (
				A9640B6927AC25BB00110083 /* PBXTargetDependency */,
			);
			name = SimpleMemo;
			packageProductDependencies = (
				A917CEFE279A7ECA0078C16A /* Realm */,
				A917CF00279A7ECA0078C16A /* RealmSwift */,
				A917CF1927A1662E0078C16A /* Zip */,
			);
			productName = SimpleMemo;
			productReference = A9818624279538C70030CED1 /* SimpleMemo.app */;
			productType = "com.apple.product-type.application";
		};
/* End PBXNativeTarget section */

/* Begin PBXProject section */
		A981861C279538C70030CED1 /* Project object */ = {
			isa = PBXProject;
			attributes = {
				BuildIndependentTargetsInParallel = 1;
				LastSwiftUpdateCheck = 1300;
				LastUpgradeCheck = 1300;
				TargetAttributes = {
					A9640B5827AC25BA00110083 = {
						CreatedOnToolsVersion = 13.0;
					};
					A9818623279538C70030CED1 = {
						CreatedOnToolsVersion = 13.0;
					};
				};
			};
			buildConfigurationList = A981861F279538C70030CED1 /* Build configuration list for PBXProject "SimpleMemo" */;
			compatibilityVersion = "Xcode 13.0";
			developmentRegion = en;
			hasScannedForEncodings = 0;
			knownRegions = (
				en,
				Base,
				ko,
			);
			mainGroup = A981861B279538C70030CED1;
			packageReferences = (
				A917CEFD279A7ECA0078C16A /* XCRemoteSwiftPackageReference "realm-swift" */,
				A917CF1827A1662E0078C16A /* XCRemoteSwiftPackageReference "Zip" */,
			);
			productRefGroup = A9818625279538C70030CED1 /* Products */;
			projectDirPath = "";
			projectRoot = "";
			targets = (
				A9818623279538C70030CED1 /* SimpleMemo */,
				A9640B5827AC25BA00110083 /* SimpleMemo WidgetExtension */,
			);
		};
/* End PBXProject section */

/* Begin PBXResourcesBuildPhase section */
		A9640B5727AC25BA00110083 /* Resources */ = {
			isa = PBXResourcesBuildPhase;
			buildActionMask = 2147483647;
			files = (
				A98CA85427AD0CBF00A1D8BE /* Assets.xcassets in Resources */,
				A90C956727B286CA006C19B2 /* Localizable.strings in Resources */,
				A9640B6427AC25BB00110083 /* Assets.xcassets in Resources */,
				A98CA85527AD1EF800A1D8BE /* GowunDodum-Regular.ttf in Resources */,
			);
			runOnlyForDeploymentPostprocessing = 0;
		};
		A9818622279538C70030CED1 /* Resources */ = {
			isa = PBXResourcesBuildPhase;
			buildActionMask = 2147483647;
			files = (
				A9818634279538C80030CED1 /* LaunchScreen.storyboard in Resources */,
				A981863E27953C210030CED1 /* Localizable.strings in Resources */,
				A96A7D9F27AAB5C700A6F0E6 /* GowunDodum-Regular.ttf in Resources */,
				A9818631279538C80030CED1 /* Assets.xcassets in Resources */,
				A917CF08279D69DE0078C16A /* AccessoryView.xib in Resources */,
				A981862F279538C70030CED1 /* Main.storyboard in Resources */,
			);
			runOnlyForDeploymentPostprocessing = 0;
		};
/* End PBXResourcesBuildPhase section */

/* Begin PBXSourcesBuildPhase section */
		A9640B5527AC25BA00110083 /* Sources */ = {
			isa = PBXSourcesBuildPhase;
			buildActionMask = 2147483647;
			files = (
				A98CA85627AD1EFD00A1D8BE /* Constants.swift in Sources */,
				A98CA85027ACE83000A1D8BE /* Memo.swift in Sources */,
				A98CA85327ACF69900A1D8BE /* RealmManager.swift in Sources */,
				A9640B6127AC25BA00110083 /* SimpleMemo_Widget.swift in Sources */,
			);
			runOnlyForDeploymentPostprocessing = 0;
		};
		A9818620279538C70030CED1 /* Sources */ = {
			isa = PBXSourcesBuildPhase;
			buildActionMask = 2147483647;
			files = (
				A981862C279538C70030CED1 /* MainViewController.swift in Sources */,
				A9818628279538C70030CED1 /* AppDelegate.swift in Sources */,
				A9818669279576520030CED1 /* MainTableViewCell.swift in Sources */,
				A917CF04279A7F450078C16A /* Memo.swift in Sources */,
				A917CF06279D69B10078C16A /* AccessoryView.swift in Sources */,
				A98CA85227ACF69900A1D8BE /* RealmManager.swift in Sources */,
				A917CF0E279EE3C00078C16A /* Extension.swift in Sources */,
				A981866B2795B02D0030CED1 /* WriteViewController.swift in Sources */,
				A9D4EF7127998C99003C7231 /* Constants.swift in Sources */,
				A981862A279538C70030CED1 /* SceneDelegate.swift in Sources */,
				A981866D2795B2390030CED1 /* SettingViewController.swift in Sources */,
			);
			runOnlyForDeploymentPostprocessing = 0;
		};
/* End PBXSourcesBuildPhase section */

/* Begin PBXTargetDependency section */
		A9640B6927AC25BB00110083 /* PBXTargetDependency */ = {
			isa = PBXTargetDependency;
			target = A9640B5827AC25BA00110083 /* SimpleMemo WidgetExtension */;
			targetProxy = A9640B6827AC25BB00110083 /* PBXContainerItemProxy */;
		};
/* End PBXTargetDependency section */

/* Begin PBXVariantGroup section */
		A981862D279538C70030CED1 /* Main.storyboard */ = {
			isa = PBXVariantGroup;
			children = (
				A981862E279538C70030CED1 /* Base */,
			);
			name = Main.storyboard;
			sourceTree = "<group>";
		};
		A9818632279538C80030CED1 /* LaunchScreen.storyboard */ = {
			isa = PBXVariantGroup;
			children = (
				A9818633279538C80030CED1 /* Base */,
			);
			name = LaunchScreen.storyboard;
			sourceTree = "<group>";
		};
		A981864027953C210030CED1 /* Localizable.strings */ = {
			isa = PBXVariantGroup;
			children = (
				A981863F27953C210030CED1 /* en */,
				A981864127953C5C0030CED1 /* ko */,
			);
			name = Localizable.strings;
			sourceTree = "<group>";
		};
/* End PBXVariantGroup section */

/* Begin XCBuildConfiguration section */
		A9640B6C27AC25BB00110083 /* Debug */ = {
			isa = XCBuildConfiguration;
			buildSettings = {
				ASSETCATALOG_COMPILER_GLOBAL_ACCENT_COLOR_NAME = AccentColor;
				ASSETCATALOG_COMPILER_WIDGET_BACKGROUND_COLOR_NAME = WidgetBackground;
				CODE_SIGN_ENTITLEMENTS = "SimpleMemo WidgetExtension.entitlements";
				CODE_SIGN_STYLE = Automatic;
				CURRENT_PROJECT_VERSION = 3;
				DEVELOPMENT_TEAM = J2BXCFFMKP;
				GENERATE_INFOPLIST_FILE = YES;
				INFOPLIST_FILE = "SimpleMemo Widget/Info.plist";
				INFOPLIST_KEY_CFBundleDisplayName = "SimpleMemo Widget";
				INFOPLIST_KEY_NSHumanReadableCopyright = "";
				LD_RUNPATH_SEARCH_PATHS = (
					"$(inherited)",
					"@executable_path/Frameworks",
					"@executable_path/../../Frameworks",
				);
				MARKETING_VERSION = 1.1;
				PRODUCT_BUNDLE_IDENTIFIER = "com.headingtodev.SimpleMemo.SimpleMemo-Widget";
				PRODUCT_NAME = "$(TARGET_NAME)";
				SKIP_INSTALL = YES;
				SWIFT_EMIT_LOC_STRINGS = YES;
				SWIFT_VERSION = 5.0;
				TARGETED_DEVICE_FAMILY = 1;
			};
			name = Debug;
		};
		A9640B6D27AC25BB00110083 /* Release */ = {
			isa = XCBuildConfiguration;
			buildSettings = {
				ASSETCATALOG_COMPILER_GLOBAL_ACCENT_COLOR_NAME = AccentColor;
				ASSETCATALOG_COMPILER_WIDGET_BACKGROUND_COLOR_NAME = WidgetBackground;
				CODE_SIGN_ENTITLEMENTS = "SimpleMemo WidgetExtensionRelease.entitlements";
				CODE_SIGN_STYLE = Automatic;
				CURRENT_PROJECT_VERSION = 3;
				DEVELOPMENT_TEAM = J2BXCFFMKP;
				GENERATE_INFOPLIST_FILE = YES;
				INFOPLIST_FILE = "SimpleMemo Widget/Info.plist";
				INFOPLIST_KEY_CFBundleDisplayName = "SimpleMemo Widget";
				INFOPLIST_KEY_NSHumanReadableCopyright = "";
				LD_RUNPATH_SEARCH_PATHS = (
					"$(inherited)",
					"@executable_path/Frameworks",
					"@executable_path/../../Frameworks",
				);
				MARKETING_VERSION = 1.1;
				PRODUCT_BUNDLE_IDENTIFIER = "com.headingtodev.SimpleMemo.SimpleMemo-Widget";
				PRODUCT_NAME = "$(TARGET_NAME)";
				SKIP_INSTALL = YES;
				SWIFT_EMIT_LOC_STRINGS = YES;
				SWIFT_VERSION = 5.0;
				TARGETED_DEVICE_FAMILY = 1;
			};
			name = Release;
		};
		A9818636279538C80030CED1 /* Debug */ = {
			isa = XCBuildConfiguration;
			buildSettings = {
				ALWAYS_SEARCH_USER_PATHS = NO;
				CLANG_ANALYZER_LOCALIZABILITY_NONLOCALIZED = YES;
				CLANG_ANALYZER_NONNULL = YES;
				CLANG_ANALYZER_NUMBER_OBJECT_CONVERSION = YES_AGGRESSIVE;
				CLANG_CXX_LANGUAGE_STANDARD = "gnu++17";
				CLANG_CXX_LIBRARY = "libc++";
				CLANG_ENABLE_MODULES = YES;
				CLANG_ENABLE_OBJC_ARC = YES;
				CLANG_ENABLE_OBJC_WEAK = YES;
				CLANG_WARN_BLOCK_CAPTURE_AUTORELEASING = YES;
				CLANG_WARN_BOOL_CONVERSION = YES;
				CLANG_WARN_COMMA = YES;
				CLANG_WARN_CONSTANT_CONVERSION = YES;
				CLANG_WARN_DEPRECATED_OBJC_IMPLEMENTATIONS = YES;
				CLANG_WARN_DIRECT_OBJC_ISA_USAGE = YES_ERROR;
				CLANG_WARN_DOCUMENTATION_COMMENTS = YES;
				CLANG_WARN_EMPTY_BODY = YES;
				CLANG_WARN_ENUM_CONVERSION = YES;
				CLANG_WARN_INFINITE_RECURSION = YES;
				CLANG_WARN_INT_CONVERSION = YES;
				CLANG_WARN_NON_LITERAL_NULL_CONVERSION = YES;
				CLANG_WARN_OBJC_IMPLICIT_RETAIN_SELF = YES;
				CLANG_WARN_OBJC_LITERAL_CONVERSION = YES;
				CLANG_WARN_OBJC_ROOT_CLASS = YES_ERROR;
				CLANG_WARN_QUOTED_INCLUDE_IN_FRAMEWORK_HEADER = YES;
				CLANG_WARN_RANGE_LOOP_ANALYSIS = YES;
				CLANG_WARN_STRICT_PROTOTYPES = YES;
				CLANG_WARN_SUSPICIOUS_MOVE = YES;
				CLANG_WARN_UNGUARDED_AVAILABILITY = YES_AGGRESSIVE;
				CLANG_WARN_UNREACHABLE_CODE = YES;
				CLANG_WARN__DUPLICATE_METHOD_MATCH = YES;
				COPY_PHASE_STRIP = NO;
				DEBUG_INFORMATION_FORMAT = dwarf;
				ENABLE_STRICT_OBJC_MSGSEND = YES;
				ENABLE_TESTABILITY = YES;
				GCC_C_LANGUAGE_STANDARD = gnu11;
				GCC_DYNAMIC_NO_PIC = NO;
				GCC_NO_COMMON_BLOCKS = YES;
				GCC_OPTIMIZATION_LEVEL = 0;
				GCC_PREPROCESSOR_DEFINITIONS = (
					"DEBUG=1",
					"$(inherited)",
				);
				GCC_WARN_64_TO_32_BIT_CONVERSION = YES;
				GCC_WARN_ABOUT_RETURN_TYPE = YES_ERROR;
				GCC_WARN_UNDECLARED_SELECTOR = YES;
				GCC_WARN_UNINITIALIZED_AUTOS = YES_AGGRESSIVE;
				GCC_WARN_UNUSED_FUNCTION = YES;
				GCC_WARN_UNUSED_VARIABLE = YES;
				IPHONEOS_DEPLOYMENT_TARGET = 15.0;
				MTL_ENABLE_DEBUG_INFO = INCLUDE_SOURCE;
				MTL_FAST_MATH = YES;
				ONLY_ACTIVE_ARCH = YES;
				SDKROOT = iphoneos;
				SWIFT_ACTIVE_COMPILATION_CONDITIONS = DEBUG;
				SWIFT_OPTIMIZATION_LEVEL = "-Onone";
			};
			name = Debug;
		};
		A9818637279538C80030CED1 /* Release */ = {
			isa = XCBuildConfiguration;
			buildSettings = {
				ALWAYS_SEARCH_USER_PATHS = NO;
				CLANG_ANALYZER_LOCALIZABILITY_NONLOCALIZED = YES;
				CLANG_ANALYZER_NONNULL = YES;
				CLANG_ANALYZER_NUMBER_OBJECT_CONVERSION = YES_AGGRESSIVE;
				CLANG_CXX_LANGUAGE_STANDARD = "gnu++17";
				CLANG_CXX_LIBRARY = "libc++";
				CLANG_ENABLE_MODULES = YES;
				CLANG_ENABLE_OBJC_ARC = YES;
				CLANG_ENABLE_OBJC_WEAK = YES;
				CLANG_WARN_BLOCK_CAPTURE_AUTORELEASING = YES;
				CLANG_WARN_BOOL_CONVERSION = YES;
				CLANG_WARN_COMMA = YES;
				CLANG_WARN_CONSTANT_CONVERSION = YES;
				CLANG_WARN_DEPRECATED_OBJC_IMPLEMENTATIONS = YES;
				CLANG_WARN_DIRECT_OBJC_ISA_USAGE = YES_ERROR;
				CLANG_WARN_DOCUMENTATION_COMMENTS = YES;
				CLANG_WARN_EMPTY_BODY = YES;
				CLANG_WARN_ENUM_CONVERSION = YES;
				CLANG_WARN_INFINITE_RECURSION = YES;
				CLANG_WARN_INT_CONVERSION = YES;
				CLANG_WARN_NON_LITERAL_NULL_CONVERSION = YES;
				CLANG_WARN_OBJC_IMPLICIT_RETAIN_SELF = YES;
				CLANG_WARN_OBJC_LITERAL_CONVERSION = YES;
				CLANG_WARN_OBJC_ROOT_CLASS = YES_ERROR;
				CLANG_WARN_QUOTED_INCLUDE_IN_FRAMEWORK_HEADER = YES;
				CLANG_WARN_RANGE_LOOP_ANALYSIS = YES;
				CLANG_WARN_STRICT_PROTOTYPES = YES;
				CLANG_WARN_SUSPICIOUS_MOVE = YES;
				CLANG_WARN_UNGUARDED_AVAILABILITY = YES_AGGRESSIVE;
				CLANG_WARN_UNREACHABLE_CODE = YES;
				CLANG_WARN__DUPLICATE_METHOD_MATCH = YES;
				COPY_PHASE_STRIP = NO;
				DEBUG_INFORMATION_FORMAT = "dwarf-with-dsym";
				ENABLE_NS_ASSERTIONS = NO;
				ENABLE_STRICT_OBJC_MSGSEND = YES;
				GCC_C_LANGUAGE_STANDARD = gnu11;
				GCC_NO_COMMON_BLOCKS = YES;
				GCC_WARN_64_TO_32_BIT_CONVERSION = YES;
				GCC_WARN_ABOUT_RETURN_TYPE = YES_ERROR;
				GCC_WARN_UNDECLARED_SELECTOR = YES;
				GCC_WARN_UNINITIALIZED_AUTOS = YES_AGGRESSIVE;
				GCC_WARN_UNUSED_FUNCTION = YES;
				GCC_WARN_UNUSED_VARIABLE = YES;
				IPHONEOS_DEPLOYMENT_TARGET = 15.0;
				MTL_ENABLE_DEBUG_INFO = NO;
				MTL_FAST_MATH = YES;
				ONLY_ACTIVE_ARCH = NO;
				SDKROOT = iphoneos;
				SWIFT_COMPILATION_MODE = wholemodule;
				SWIFT_OPTIMIZATION_LEVEL = "-O";
				VALIDATE_PRODUCT = YES;
			};
			name = Release;
		};
		A9818639279538C80030CED1 /* Debug */ = {
			isa = XCBuildConfiguration;
			buildSettings = {
				ALWAYS_EMBED_SWIFT_STANDARD_LIBRARIES = YES;
				ASSETCATALOG_COMPILER_APPICON_NAME = AppIcon;
				ASSETCATALOG_COMPILER_GLOBAL_ACCENT_COLOR_NAME = AccentColor;
				CODE_SIGN_ENTITLEMENTS = SimpleMemo/SimpleMemo.entitlements;
				CODE_SIGN_STYLE = Automatic;
				CURRENT_PROJECT_VERSION = 3;
				DEVELOPMENT_TEAM = J2BXCFFMKP;
				GENERATE_INFOPLIST_FILE = YES;
				INFOPLIST_FILE = SimpleMemo/Info.plist;
				INFOPLIST_KEY_UIApplicationSupportsIndirectInputEvents = YES;
				INFOPLIST_KEY_UILaunchStoryboardName = LaunchScreen;
				INFOPLIST_KEY_UIMainStoryboardFile = Main;
				INFOPLIST_KEY_UISupportedInterfaceOrientations = UIInterfaceOrientationPortrait;
				INFOPLIST_KEY_UISupportedInterfaceOrientations_iPad = "UIInterfaceOrientationPortrait UIInterfaceOrientationPortraitUpsideDown UIInterfaceOrientationLandscapeLeft UIInterfaceOrientationLandscapeRight";
				INFOPLIST_KEY_UISupportedInterfaceOrientations_iPhone = "UIInterfaceOrientationPortrait UIInterfaceOrientationLandscapeLeft UIInterfaceOrientationLandscapeRight";
				INFOPLIST_KEY_UIUserInterfaceStyle = Light;
				IPHONEOS_DEPLOYMENT_TARGET = 15.0;
				LD_RUNPATH_SEARCH_PATHS = (
					"$(inherited)",
					"@executable_path/Frameworks",
				);
				MARKETING_VERSION = 1.1;
				PRODUCT_BUNDLE_IDENTIFIER = com.headingtodev.SimpleMemo;
				PRODUCT_NAME = "$(TARGET_NAME)";
				SWIFT_EMIT_LOC_STRINGS = YES;
				SWIFT_VERSION = 5.0;
				TARGETED_DEVICE_FAMILY = 1;
			};
			name = Debug;
		};
		A981863A279538C80030CED1 /* Release */ = {
			isa = XCBuildConfiguration;
			buildSettings = {
				ALWAYS_EMBED_SWIFT_STANDARD_LIBRARIES = YES;
				ASSETCATALOG_COMPILER_APPICON_NAME = AppIcon;
				ASSETCATALOG_COMPILER_GLOBAL_ACCENT_COLOR_NAME = AccentColor;
				CODE_SIGN_ENTITLEMENTS = SimpleMemo/SimpleMemoRelease.entitlements;
				CODE_SIGN_STYLE = Automatic;
				CURRENT_PROJECT_VERSION = 3;
				DEVELOPMENT_TEAM = J2BXCFFMKP;
				GENERATE_INFOPLIST_FILE = YES;
				INFOPLIST_FILE = SimpleMemo/Info.plist;
				INFOPLIST_KEY_UIApplicationSupportsIndirectInputEvents = YES;
				INFOPLIST_KEY_UILaunchStoryboardName = LaunchScreen;
				INFOPLIST_KEY_UIMainStoryboardFile = Main;
				INFOPLIST_KEY_UISupportedInterfaceOrientations = UIInterfaceOrientationPortrait;
				INFOPLIST_KEY_UISupportedInterfaceOrientations_iPad = "UIInterfaceOrientationPortrait UIInterfaceOrientationPortraitUpsideDown UIInterfaceOrientationLandscapeLeft UIInterfaceOrientationLandscapeRight";
				INFOPLIST_KEY_UISupportedInterfaceOrientations_iPhone = "UIInterfaceOrientationPortrait UIInterfaceOrientationLandscapeLeft UIInterfaceOrientationLandscapeRight";
				INFOPLIST_KEY_UIUserInterfaceStyle = Light;
				IPHONEOS_DEPLOYMENT_TARGET = 15.0;
				LD_RUNPATH_SEARCH_PATHS = (
					"$(inherited)",
					"@executable_path/Frameworks",
				);
				MARKETING_VERSION = 1.1;
				PRODUCT_BUNDLE_IDENTIFIER = com.headingtodev.SimpleMemo;
				PRODUCT_NAME = "$(TARGET_NAME)";
				SWIFT_EMIT_LOC_STRINGS = YES;
				SWIFT_VERSION = 5.0;
				TARGETED_DEVICE_FAMILY = 1;
			};
			name = Release;
		};
/* End XCBuildConfiguration section */

/* Begin XCConfigurationList section */
		A9640B6E27AC25BB00110083 /* Build configuration list for PBXNativeTarget "SimpleMemo WidgetExtension" */ = {
			isa = XCConfigurationList;
			buildConfigurations = (
				A9640B6C27AC25BB00110083 /* Debug */,
				A9640B6D27AC25BB00110083 /* Release */,
			);
			defaultConfigurationIsVisible = 0;
			defaultConfigurationName = Release;
		};
		A981861F279538C70030CED1 /* Build configuration list for PBXProject "SimpleMemo" */ = {
			isa = XCConfigurationList;
			buildConfigurations = (
				A9818636279538C80030CED1 /* Debug */,
				A9818637279538C80030CED1 /* Release */,
			);
			defaultConfigurationIsVisible = 0;
			defaultConfigurationName = Release;
		};
		A9818638279538C80030CED1 /* Build configuration list for PBXNativeTarget "SimpleMemo" */ = {
			isa = XCConfigurationList;
			buildConfigurations = (
				A9818639279538C80030CED1 /* Debug */,
				A981863A279538C80030CED1 /* Release */,
			);
			defaultConfigurationIsVisible = 0;
			defaultConfigurationName = Release;
		};
/* End XCConfigurationList section */

/* Begin XCRemoteSwiftPackageReference section */
		A917CEFD279A7ECA0078C16A /* XCRemoteSwiftPackageReference "realm-swift" */ = {
			isa = XCRemoteSwiftPackageReference;
			repositoryURL = "https://github.com/realm/realm-swift";
			requirement = {
				kind = exactVersion;
				version = 10.19.0;
			};
		};
		A917CF1827A1662E0078C16A /* XCRemoteSwiftPackageReference "Zip" */ = {
			isa = XCRemoteSwiftPackageReference;
			repositoryURL = "https://github.com/marmelroy/Zip.git";
			requirement = {
				kind = upToNextMajorVersion;
				minimumVersion = 2.1.0;
			};
		};
/* End XCRemoteSwiftPackageReference section */

/* Begin XCSwiftPackageProductDependency section */
		A917CEFE279A7ECA0078C16A /* Realm */ = {
			isa = XCSwiftPackageProductDependency;
			package = A917CEFD279A7ECA0078C16A /* XCRemoteSwiftPackageReference "realm-swift" */;
			productName = Realm;
		};
		A917CF00279A7ECA0078C16A /* RealmSwift */ = {
			isa = XCSwiftPackageProductDependency;
			package = A917CEFD279A7ECA0078C16A /* XCRemoteSwiftPackageReference "realm-swift" */;
			productName = RealmSwift;
		};
		A917CF1927A1662E0078C16A /* Zip */ = {
			isa = XCSwiftPackageProductDependency;
			package = A917CF1827A1662E0078C16A /* XCRemoteSwiftPackageReference "Zip" */;
			productName = Zip;
		};
		A948028127B2B33700173770 /* Realm */ = {
			isa = XCSwiftPackageProductDependency;
			package = A917CEFD279A7ECA0078C16A /* XCRemoteSwiftPackageReference "realm-swift" */;
			productName = Realm;
		};
		A948028327B2B33A00173770 /* RealmSwift */ = {
			isa = XCSwiftPackageProductDependency;
			package = A917CEFD279A7ECA0078C16A /* XCRemoteSwiftPackageReference "realm-swift" */;
			productName = RealmSwift;
		};
/* End XCSwiftPackageProductDependency section */
	};
	rootObject = A981861C279538C70030CED1 /* Project object */;
}
